// !$*UTF8*$!
{
	archiveVersion = 1;
	classes = {
	};
	objectVersion = 50;
	objects = {

/* Begin PBXBuildFile section */
		F013CB7C2350FDA00073B472 /* AppDelegate.swift in Sources */ = {isa = PBXBuildFile; fileRef = F013CB7B2350FDA00073B472 /* AppDelegate.swift */; };
		F013CB7E2350FDA00073B472 /* SceneDelegate.swift in Sources */ = {isa = PBXBuildFile; fileRef = F013CB7D2350FDA00073B472 /* SceneDelegate.swift */; };
		F013CB802350FDA00073B472 /* ContentView.swift in Sources */ = {isa = PBXBuildFile; fileRef = F013CB7F2350FDA00073B472 /* ContentView.swift */; };
		F013CB822350FDA20073B472 /* Assets.xcassets in Resources */ = {isa = PBXBuildFile; fileRef = F013CB812350FDA20073B472 /* Assets.xcassets */; };
		F013CB852350FDA20073B472 /* Preview Assets.xcassets in Resources */ = {isa = PBXBuildFile; fileRef = F013CB842350FDA20073B472 /* Preview Assets.xcassets */; };
		F013CB882350FDA20073B472 /* LaunchScreen.storyboard in Resources */ = {isa = PBXBuildFile; fileRef = F013CB862350FDA20073B472 /* LaunchScreen.storyboard */; };
		F013CB932350FDA30073B472 /* iDineTests.swift in Sources */ = {isa = PBXBuildFile; fileRef = F013CB922350FDA30073B472 /* iDineTests.swift */; };
		F013CBAE235102120073B472 /* ItemRow.swift in Sources */ = {isa = PBXBuildFile; fileRef = F013CBAD235102120073B472 /* ItemRow.swift */; };
		F013CBB323576F7B0073B472 /* menu.json in Resources */ = {isa = PBXBuildFile; fileRef = F013CBAF23576F7A0073B472 /* menu.json */; };
		F013CBB423576F7B0073B472 /* Order.swift in Sources */ = {isa = PBXBuildFile; fileRef = F013CBB023576F7A0073B472 /* Order.swift */; };
		F013CBB523576F7B0073B472 /* Menu.swift in Sources */ = {isa = PBXBuildFile; fileRef = F013CBB123576F7A0073B472 /* Menu.swift */; };
		F013CBB623576F7B0073B472 /* Helper.swift in Sources */ = {isa = PBXBuildFile; fileRef = F013CBB223576F7A0073B472 /* Helper.swift */; };
/* End PBXBuildFile section */

/* Begin PBXContainerItemProxy section */
		F013CB8F2350FDA30073B472 /* PBXContainerItemProxy */ = {
			isa = PBXContainerItemProxy;
			containerPortal = F013CB702350FDA00073B472 /* Project object */;
			proxyType = 1;
			remoteGlobalIDString = F013CB772350FDA00073B472;
			remoteInfo = iDine;
		};
/* End PBXContainerItemProxy section */

/* Begin PBXFileReference section */
		F013CB782350FDA00073B472 /* iDine.app */ = {isa = PBXFileReference; explicitFileType = wrapper.application; includeInIndex = 0; path = iDine.app; sourceTree = BUILT_PRODUCTS_DIR; };
		F013CB7B2350FDA00073B472 /* AppDelegate.swift */ = {isa = PBXFileReference; lastKnownFileType = sourcecode.swift; path = AppDelegate.swift; sourceTree = "<group>"; };
		F013CB7D2350FDA00073B472 /* SceneDelegate.swift */ = {isa = PBXFileReference; lastKnownFileType = sourcecode.swift; path = SceneDelegate.swift; sourceTree = "<group>"; };
		F013CB7F2350FDA00073B472 /* ContentView.swift */ = {isa = PBXFileReference; lastKnownFileType = sourcecode.swift; path = ContentView.swift; sourceTree = "<group>"; };
		F013CB812350FDA20073B472 /* Assets.xcassets */ = {isa = PBXFileReference; lastKnownFileType = folder.assetcatalog; path = Assets.xcassets; sourceTree = "<group>"; };
		F013CB842350FDA20073B472 /* Preview Assets.xcassets */ = {isa = PBXFileReference; lastKnownFileType = folder.assetcatalog; path = "Preview Assets.xcassets"; sourceTree = "<group>"; };
		F013CB872350FDA20073B472 /* Base */ = {isa = PBXFileReference; lastKnownFileType = file.storyboard; name = Base; path = Base.lproj/LaunchScreen.storyboard; sourceTree = "<group>"; };
		F013CB892350FDA20073B472 /* Info.plist */ = {isa = PBXFileReference; lastKnownFileType = text.plist.xml; path = Info.plist; sourceTree = "<group>"; };
		F013CB8E2350FDA30073B472 /* iDineTests.xctest */ = {isa = PBXFileReference; explicitFileType = wrapper.cfbundle; includeInIndex = 0; path = iDineTests.xctest; sourceTree = BUILT_PRODUCTS_DIR; };
		F013CB922350FDA30073B472 /* iDineTests.swift */ = {isa = PBXFileReference; lastKnownFileType = sourcecode.swift; path = iDineTests.swift; sourceTree = "<group>"; };
		F013CB942350FDA30073B472 /* Info.plist */ = {isa = PBXFileReference; lastKnownFileType = text.plist.xml; path = Info.plist; sourceTree = "<group>"; };
		F013CBAD235102120073B472 /* ItemRow.swift */ = {isa = PBXFileReference; lastKnownFileType = sourcecode.swift; path = ItemRow.swift; sourceTree = "<group>"; };
		F013CBAF23576F7A0073B472 /* menu.json */ = {isa = PBXFileReference; fileEncoding = 4; lastKnownFileType = text.json; path = menu.json; sourceTree = "<group>"; };
		F013CBB023576F7A0073B472 /* Order.swift */ = {isa = PBXFileReference; fileEncoding = 4; lastKnownFileType = sourcecode.swift; path = Order.swift; sourceTree = "<group>"; };
		F013CBB123576F7A0073B472 /* Menu.swift */ = {isa = PBXFileReference; fileEncoding = 4; lastKnownFileType = sourcecode.swift; path = Menu.swift; sourceTree = "<group>"; };
		F013CBB223576F7A0073B472 /* Helper.swift */ = {isa = PBXFileReference; fileEncoding = 4; lastKnownFileType = sourcecode.swift; path = Helper.swift; sourceTree = "<group>"; };
/* End PBXFileReference section */

/* Begin PBXFrameworksBuildPhase section */
		F013CB752350FDA00073B472 /* Frameworks */ = {
			isa = PBXFrameworksBuildPhase;
			buildActionMask = 2147483647;
			files = (
			);
			runOnlyForDeploymentPostprocessing = 0;
		};
		F013CB8B2350FDA30073B472 /* Frameworks */ = {
			isa = PBXFrameworksBuildPhase;
			buildActionMask = 2147483647;
			files = (
			);
			runOnlyForDeploymentPostprocessing = 0;
		};
/* End PBXFrameworksBuildPhase section */

/* Begin PBXGroup section */
		F013CB6F2350FDA00073B472 = {
			isa = PBXGroup;
			children = (
				F013CB7A2350FDA00073B472 /* iDine */,
				F013CB912350FDA30073B472 /* iDineTests */,
				F013CB792350FDA00073B472 /* Products */,
			);
			sourceTree = "<group>";
		};
		F013CB792350FDA00073B472 /* Products */ = {
			isa = PBXGroup;
			children = (
				F013CB782350FDA00073B472 /* iDine.app */,
				F013CB8E2350FDA30073B472 /* iDineTests.xctest */,
			);
			name = Products;
			sourceTree = "<group>";
		};
		F013CB7A2350FDA00073B472 /* iDine */ = {
			isa = PBXGroup;
			children = (
				F013CB7B2350FDA00073B472 /* AppDelegate.swift */,
				F013CB7D2350FDA00073B472 /* SceneDelegate.swift */,
				F013CB7F2350FDA00073B472 /* ContentView.swift */,
				F013CBAD235102120073B472 /* ItemRow.swift */,
				F013CBB223576F7A0073B472 /* Helper.swift */,
				F013CBB123576F7A0073B472 /* Menu.swift */,
				F013CBAF23576F7A0073B472 /* menu.json */,
				F013CBB023576F7A0073B472 /* Order.swift */,
				F013CB812350FDA20073B472 /* Assets.xcassets */,
				F013CB862350FDA20073B472 /* LaunchScreen.storyboard */,
				F013CB892350FDA20073B472 /* Info.plist */,
				F013CB832350FDA20073B472 /* Preview Content */,
			);
			path = iDine;
			sourceTree = "<group>";
		};
		F013CB832350FDA20073B472 /* Preview Content */ = {
			isa = PBXGroup;
			children = (
				F013CB842350FDA20073B472 /* Preview Assets.xcassets */,
			);
			path = "Preview Content";
			sourceTree = "<group>";
		};
		F013CB912350FDA30073B472 /* iDineTests */ = {
			isa = PBXGroup;
			children = (
				F013CB922350FDA30073B472 /* iDineTests.swift */,
				F013CB942350FDA30073B472 /* Info.plist */,
			);
			path = iDineTests;
			sourceTree = "<group>";
		};
/* End PBXGroup section */

/* Begin PBXNativeTarget section */
		F013CB772350FDA00073B472 /* iDine */ = {
			isa = PBXNativeTarget;
			buildConfigurationList = F013CB972350FDA30073B472 /* Build configuration list for PBXNativeTarget "iDine" */;
			buildPhases = (
				F013CB742350FDA00073B472 /* Sources */,
				F013CB752350FDA00073B472 /* Frameworks */,
				F013CB762350FDA00073B472 /* Resources */,
			);
			buildRules = (
			);
			dependencies = (
			);
			name = iDine;
			productName = iDine;
			productReference = F013CB782350FDA00073B472 /* iDine.app */;
			productType = "com.apple.product-type.application";
		};
		F013CB8D2350FDA30073B472 /* iDineTests */ = {
			isa = PBXNativeTarget;
			buildConfigurationList = F013CB9A2350FDA30073B472 /* Build configuration list for PBXNativeTarget "iDineTests" */;
			buildPhases = (
				F013CB8A2350FDA30073B472 /* Sources */,
				F013CB8B2350FDA30073B472 /* Frameworks */,
				F013CB8C2350FDA30073B472 /* Resources */,
			);
			buildRules = (
			);
			dependencies = (
				F013CB902350FDA30073B472 /* PBXTargetDependency */,
			);
			name = iDineTests;
			productName = iDineTests;
			productReference = F013CB8E2350FDA30073B472 /* iDineTests.xctest */;
			productType = "com.apple.product-type.bundle.unit-test";
		};
/* End PBXNativeTarget section */

/* Begin PBXProject section */
		F013CB702350FDA00073B472 /* Project object */ = {
			isa = PBXProject;
			attributes = {
				LastSwiftUpdateCheck = 1110;
				LastUpgradeCheck = 1110;
				ORGANIZATIONNAME = "Totally Radical Software, Inc.";
				TargetAttributes = {
					F013CB772350FDA00073B472 = {
						CreatedOnToolsVersion = 11.1;
					};
					F013CB8D2350FDA30073B472 = {
						CreatedOnToolsVersion = 11.1;
						TestTargetID = F013CB772350FDA00073B472;
					};
				};
			};
			buildConfigurationList = F013CB732350FDA00073B472 /* Build configuration list for PBXProject "iDine" */;
			compatibilityVersion = "Xcode 9.3";
			developmentRegion = en;
			hasScannedForEncodings = 0;
			knownRegions = (
				en,
				Base,
			);
			mainGroup = F013CB6F2350FDA00073B472;
			productRefGroup = F013CB792350FDA00073B472 /* Products */;
			projectDirPath = "";
			projectRoot = "";
			targets = (
				F013CB772350FDA00073B472 /* iDine */,
				F013CB8D2350FDA30073B472 /* iDineTests */,
			);
		};
/* End PBXProject section */

/* Begin PBXResourcesBuildPhase section */
		F013CB762350FDA00073B472 /* Resources */ = {
			isa = PBXResourcesBuildPhase;
			buildActionMask = 2147483647;
			files = (
				F013CBB323576F7B0073B472 /* menu.json in Resources */,
				F013CB882350FDA20073B472 /* LaunchScreen.storyboard in Resources */,
				F013CB852350FDA20073B472 /* Preview Assets.xcassets in Resources */,
				F013CBAB2350FF160073B472 /* menu.json in Resources */,
				F013CB822350FDA20073B472 /* Assets.xcassets in Resources */,
			);
			runOnlyForDeploymentPostprocessing = 0;
		};
		F013CB8C2350FDA30073B472 /* Resources */ = {
			isa = PBXResourcesBuildPhase;
			buildActionMask = 2147483647;
			files = (
			);
			runOnlyForDeploymentPostprocessing = 0;
		};
/* End PBXResourcesBuildPhase section */

/* Begin PBXSourcesBuildPhase section */
		F013CB742350FDA00073B472 /* Sources */ = {
			isa = PBXSourcesBuildPhase;
			buildActionMask = 2147483647;
			files = (
				F013CBAC2350FF160073B472 /* Order.swift in Sources */,
				F013CB7C2350FDA00073B472 /* AppDelegate.swift in Sources */,
				F013CBB423576F7B0073B472 /* Order.swift in Sources */,
				F013CB7E2350FDA00073B472 /* SceneDelegate.swift in Sources */,
				F013CBAE235102120073B472 /* ItemRow.swift in Sources */,
				F013CB802350FDA00073B472 /* ContentView.swift in Sources */,
				F013CBB523576F7B0073B472 /* Menu.swift in Sources */,
				F013CBB623576F7B0073B472 /* Helper.swift in Sources */,
			);
			runOnlyForDeploymentPostprocessing = 0;
		};
		F013CB8A2350FDA30073B472 /* Sources */ = {
			isa = PBXSourcesBuildPhase;
			buildActionMask = 2147483647;
			files = (
				F013CB932350FDA30073B472 /* iDineTests.swift in Sources */,
			);
			runOnlyForDeploymentPostprocessing = 0;
		};
/* End PBXSourcesBuildPhase section */

/* Begin PBXTargetDependency section */
		F013CB902350FDA30073B472 /* PBXTargetDependency */ = {
			isa = PBXTargetDependency;
			target = F013CB772350FDA00073B472 /* iDine */;
			targetProxy = F013CB8F2350FDA30073B472 /* PBXContainerItemProxy */;
		};
/* End PBXTargetDependency section */

/* Begin PBXVariantGroup section */
		F013CB862350FDA20073B472 /* LaunchScreen.storyboard */ = {
			isa = PBXVariantGroup;
			children = (
				F013CB872350FDA20073B472 /* Base */,
			);
			name = LaunchScreen.storyboard;
			sourceTree = "<group>";
		};
/* End PBXVariantGroup section */

/* Begin XCBuildConfiguration section */
		F013CB952350FDA30073B472 /* Debug */ = {
			isa = XCBuildConfiguration;
			buildSettings = {
				ALWAYS_SEARCH_USER_PATHS = NO;
				CLANG_ANALYZER_NONNULL = YES;
				CLANG_ANALYZER_NUMBER_OBJECT_CONVERSION = YES_AGGRESSIVE;
				CLANG_CXX_LANGUAGE_STANDARD = "gnu++14";
				CLANG_CXX_LIBRARY = "libc++";
				CLANG_ENABLE_MODULES = YES;
				CLANG_ENABLE_OBJC_ARC = YES;
				CLANG_ENABLE_OBJC_WEAK = YES;
				CLANG_WARN_BLOCK_CAPTURE_AUTORELEASING = YES;
				CLANG_WARN_BOOL_CONVERSION = YES;
				CLANG_WARN_COMMA = YES;
				CLANG_WARN_CONSTANT_CONVERSION = YES;
				CLANG_WARN_DEPRECATED_OBJC_IMPLEMENTATIONS = YES;
				CLANG_WARN_DIRECT_OBJC_ISA_USAGE = YES_ERROR;
				CLANG_WARN_DOCUMENTATION_COMMENTS = YES;
				CLANG_WARN_EMPTY_BODY = YES;
				CLANG_WARN_ENUM_CONVERSION = YES;
				CLANG_WARN_INFINITE_RECURSION = YES;
				CLANG_WARN_INT_CONVERSION = YES;
				CLANG_WARN_NON_LITERAL_NULL_CONVERSION = YES;
				CLANG_WARN_OBJC_IMPLICIT_RETAIN_SELF = YES;
				CLANG_WARN_OBJC_LITERAL_CONVERSION = YES;
				CLANG_WARN_OBJC_ROOT_CLASS = YES_ERROR;
				CLANG_WARN_RANGE_LOOP_ANALYSIS = YES;
				CLANG_WARN_STRICT_PROTOTYPES = YES;
				CLANG_WARN_SUSPICIOUS_MOVE = YES;
				CLANG_WARN_UNGUARDED_AVAILABILITY = YES_AGGRESSIVE;
				CLANG_WARN_UNREACHABLE_CODE = YES;
				CLANG_WARN__DUPLICATE_METHOD_MATCH = YES;
				COPY_PHASE_STRIP = NO;
				DEBUG_INFORMATION_FORMAT = dwarf;
				ENABLE_STRICT_OBJC_MSGSEND = YES;
				ENABLE_TESTABILITY = YES;
				GCC_C_LANGUAGE_STANDARD = gnu11;
				GCC_DYNAMIC_NO_PIC = NO;
				GCC_NO_COMMON_BLOCKS = YES;
				GCC_OPTIMIZATION_LEVEL = 0;
				GCC_PREPROCESSOR_DEFINITIONS = (
					"DEBUG=1",
					"$(inherited)",
				);
				GCC_WARN_64_TO_32_BIT_CONVERSION = YES;
				GCC_WARN_ABOUT_RETURN_TYPE = YES_ERROR;
				GCC_WARN_UNDECLARED_SELECTOR = YES;
				GCC_WARN_UNINITIALIZED_AUTOS = YES_AGGRESSIVE;
				GCC_WARN_UNUSED_FUNCTION = YES;
				GCC_WARN_UNUSED_VARIABLE = YES;
				IPHONEOS_DEPLOYMENT_TARGET = 13.1;
				MTL_ENABLE_DEBUG_INFO = INCLUDE_SOURCE;
				MTL_FAST_MATH = YES;
				ONLY_ACTIVE_ARCH = YES;
				SDKROOT = iphoneos;
				SWIFT_ACTIVE_COMPILATION_CONDITIONS = DEBUG;
				SWIFT_OPTIMIZATION_LEVEL = "-Onone";
			};
			name = Debug;
		};
		F013CB962350FDA30073B472 /* Release */ = {
			isa = XCBuildConfiguration;
			buildSettings = {
				ALWAYS_SEARCH_USER_PATHS = NO;
				CLANG_ANALYZER_NONNULL = YES;
				CLANG_ANALYZER_NUMBER_OBJECT_CONVERSION = YES_AGGRESSIVE;
				CLANG_CXX_LANGUAGE_STANDARD = "gnu++14";
				CLANG_CXX_LIBRARY = "libc++";
				CLANG_ENABLE_MODULES = YES;
				CLANG_ENABLE_OBJC_ARC = YES;
				CLANG_ENABLE_OBJC_WEAK = YES;
				CLANG_WARN_BLOCK_CAPTURE_AUTORELEASING = YES;
				CLANG_WARN_BOOL_CONVERSION = YES;
				CLANG_WARN_COMMA = YES;
				CLANG_WARN_CONSTANT_CONVERSION = YES;
				CLANG_WARN_DEPRECATED_OBJC_IMPLEMENTATIONS = YES;
				CLANG_WARN_DIRECT_OBJC_ISA_USAGE = YES_ERROR;
				CLANG_WARN_DOCUMENTATION_COMMENTS = YES;
				CLANG_WARN_EMPTY_BODY = YES;
				CLANG_WARN_ENUM_CONVERSION = YES;
				CLANG_WARN_INFINITE_RECURSION = YES;
				CLANG_WARN_INT_CONVERSION = YES;
				CLANG_WARN_NON_LITERAL_NULL_CONVERSION = YES;
				CLANG_WARN_OBJC_IMPLICIT_RETAIN_SELF = YES;
				CLANG_WARN_OBJC_LITERAL_CONVERSION = YES;
				CLANG_WARN_OBJC_ROOT_CLASS = YES_ERROR;
				CLANG_WARN_RANGE_LOOP_ANALYSIS = YES;
				CLANG_WARN_STRICT_PROTOTYPES = YES;
				CLANG_WARN_SUSPICIOUS_MOVE = YES;
				CLANG_WARN_UNGUARDED_AVAILABILITY = YES_AGGRESSIVE;
				CLANG_WARN_UNREACHABLE_CODE = YES;
				CLANG_WARN__DUPLICATE_METHOD_MATCH = YES;
				COPY_PHASE_STRIP = NO;
				DEBUG_INFORMATION_FORMAT = "dwarf-with-dsym";
				ENABLE_NS_ASSERTIONS = NO;
				ENABLE_STRICT_OBJC_MSGSEND = YES;
				GCC_C_LANGUAGE_STANDARD = gnu11;
				GCC_NO_COMMON_BLOCKS = YES;
				GCC_WARN_64_TO_32_BIT_CONVERSION = YES;
				GCC_WARN_ABOUT_RETURN_TYPE = YES_ERROR;
				GCC_WARN_UNDECLARED_SELECTOR = YES;
				GCC_WARN_UNINITIALIZED_AUTOS = YES_AGGRESSIVE;
				GCC_WARN_UNUSED_FUNCTION = YES;
				GCC_WARN_UNUSED_VARIABLE = YES;
				IPHONEOS_DEPLOYMENT_TARGET = 13.1;
				MTL_ENABLE_DEBUG_INFO = NO;
				MTL_FAST_MATH = YES;
				SDKROOT = iphoneos;
				SWIFT_COMPILATION_MODE = wholemodule;
				SWIFT_OPTIMIZATION_LEVEL = "-O";
				VALIDATE_PRODUCT = YES;
			};
			name = Release;
		};
		F013CB982350FDA30073B472 /* Debug */ = {
			isa = XCBuildConfiguration;
			buildSettings = {
				ASSETCATALOG_COMPILER_APPICON_NAME = AppIcon;
				CODE_SIGN_STYLE = Automatic;
				DEVELOPMENT_ASSET_PATHS = "\"iDine/Preview Content\"";
				DEVELOPMENT_TEAM = KJV239Q4EG;
				ENABLE_PREVIEWS = YES;
				INFOPLIST_FILE = iDine/Info.plist;
				LD_RUNPATH_SEARCH_PATHS = (
					"$(inherited)",
					"@executable_path/Frameworks",
				);
				PRODUCT_BUNDLE_IDENTIFIER = co.trsi.idine.iDine;
				PRODUCT_NAME = "$(TARGET_NAME)";
				SWIFT_VERSION = 5.0;
				TARGETED_DEVICE_FAMILY = "1,2";
			};
			name = Debug;
		};
		F013CB992350FDA30073B472 /* Release */ = {
			isa = XCBuildConfiguration;
			buildSettings = {
				ASSETCATALOG_COMPILER_APPICON_NAME = AppIcon;
				CODE_SIGN_STYLE = Automatic;
				DEVELOPMENT_ASSET_PATHS = "\"iDine/Preview Content\"";
				DEVELOPMENT_TEAM = KJV239Q4EG;
				ENABLE_PREVIEWS = YES;
				INFOPLIST_FILE = iDine/Info.plist;
				LD_RUNPATH_SEARCH_PATHS = (
					"$(inherited)",
					"@executable_path/Frameworks",
				);
				PRODUCT_BUNDLE_IDENTIFIER = co.trsi.idine.iDine;
				PRODUCT_NAME = "$(TARGET_NAME)";
				SWIFT_VERSION = 5.0;
				TARGETED_DEVICE_FAMILY = "1,2";
			};
			name = Release;
		};
		F013CB9B2350FDA30073B472 /* Debug */ = {
			isa = XCBuildConfiguration;
			buildSettings = {
				ALWAYS_EMBED_SWIFT_STANDARD_LIBRARIES = YES;
				BUNDLE_LOADER = "$(TEST_HOST)";
				CODE_SIGN_STYLE = Automatic;
				DEVELOPMENT_TEAM = KJV239Q4EG;
				INFOPLIST_FILE = iDineTests/Info.plist;
				IPHONEOS_DEPLOYMENT_TARGET = 13.1;
				LD_RUNPATH_SEARCH_PATHS = (
					"$(inherited)",
					"@executable_path/Frameworks",
					"@loader_path/Frameworks",
				);
				PRODUCT_BUNDLE_IDENTIFIER = co.trsi.idine.iDineTests;
				PRODUCT_NAME = "$(TARGET_NAME)";
				SWIFT_VERSION = 5.0;
				TARGETED_DEVICE_FAMILY = "1,2";
				TEST_HOST = "$(BUILT_PRODUCTS_DIR)/iDine.app/iDine";
			};
			name = Debug;
		};
		F013CB9C2350FDA30073B472 /* Release */ = {
			isa = XCBuildConfiguration;
			buildSettings = {
				ALWAYS_EMBED_SWIFT_STANDARD_LIBRARIES = YES;
				BUNDLE_LOADER = "$(TEST_HOST)";
				CODE_SIGN_STYLE = Automatic;
				DEVELOPMENT_TEAM = KJV239Q4EG;
				INFOPLIST_FILE = iDineTests/Info.plist;
				IPHONEOS_DEPLOYMENT_TARGET = 13.1;
				LD_RUNPATH_SEARCH_PATHS = (
					"$(inherited)",
					"@executable_path/Frameworks",
					"@loader_path/Frameworks",
				);
				PRODUCT_BUNDLE_IDENTIFIER = co.trsi.idine.iDineTests;
				PRODUCT_NAME = "$(TARGET_NAME)";
				SWIFT_VERSION = 5.0;
				TARGETED_DEVICE_FAMILY = "1,2";
				TEST_HOST = "$(BUILT_PRODUCTS_DIR)/iDine.app/iDine";
			};
			name = Release;
		};
/* End XCBuildConfiguration section */

/* Begin XCConfigurationList section */
		F013CB732350FDA00073B472 /* Build configuration list for PBXProject "iDine" */ = {
			isa = XCConfigurationList;
			buildConfigurations = (
				F013CB952350FDA30073B472 /* Debug */,
				F013CB962350FDA30073B472 /* Release */,
			);
			defaultConfigurationIsVisible = 0;
			defaultConfigurationName = Release;
		};
		F013CB972350FDA30073B472 /* Build configuration list for PBXNativeTarget "iDine" */ = {
			isa = XCConfigurationList;
			buildConfigurations = (
				F013CB982350FDA30073B472 /* Debug */,
				F013CB992350FDA30073B472 /* Release */,
			);
			defaultConfigurationIsVisible = 0;
			defaultConfigurationName = Release;
		};
		F013CB9A2350FDA30073B472 /* Build configuration list for PBXNativeTarget "iDineTests" */ = {
			isa = XCConfigurationList;
			buildConfigurations = (
				F013CB9B2350FDA30073B472 /* Debug */,
				F013CB9C2350FDA30073B472 /* Release */,
			);
			defaultConfigurationIsVisible = 0;
			defaultConfigurationName = Release;
		};
/* End XCConfigurationList section */
	};
	rootObject = F013CB702350FDA00073B472 /* Project object */;
}
